{
  "name": "final-project",
  "version": "1.0.0",
  "lockfileVersion": 2,
  "requires": true,
  "packages": {
    "": {
      "version": "1.0.0",
      "license": "ISC",
      "dependencies": {
        "axios": "^0.21.1",
        "documenu": "^1.1.0",
        "dotenv": "^9.0.0",
        "jQuery": "^1.7.4"
      }
    },
    "node_modules/axios": {
      "version": "0.21.1",
      "resolved": "https://registry.npmjs.org/axios/-/axios-0.21.1.tgz",
      "integrity": "sha512-dKQiRHxGD9PPRIUNIWvZhPTPpl1rf/OxTYKsqKUDjBwYylTvV7SjSHJb9ratfyzM6wCdLCOYLzs73qpg5c4iGA==",
      "dependencies": {
        "follow-redirects": "^1.10.0"
      }
    },
    "node_modules/documenu": {
      "version": "1.1.0",
      "resolved": "https://registry.npmjs.org/documenu/-/documenu-1.1.0.tgz",
      "integrity": "sha512-0uVPV+1h+7liNC6FZ6hlYb2rLRUfQZlAWm4KOzbDpiQ1/e53wV697w9Z72pHpPoWSrvlwN85Xhntx0c6tDv7xA==",
      "dependencies": {
        "axios": "^0.21.0"
      }
    },
    "node_modules/dotenv": {
      "version": "9.0.0",
      "resolved": "https://registry.npmjs.org/dotenv/-/dotenv-9.0.0.tgz",
      "integrity": "sha512-yy3x9XjojW8ROTBePD25AcMoHqGHsvHmtfw8QWlpEXyMMXXPj6brUA464AptUvHuTPRmNz6Sd3ZLNLeJl6dHJA==",
      "engines": {
        "node": ">=10"
      }
    },
    "node_modules/follow-redirects": {
      "version": "1.14.0",
      "resolved": "https://registry.npmjs.org/follow-redirects/-/follow-redirects-1.14.0.tgz",
      "integrity": "sha512-0vRwd7RKQBTt+mgu87mtYeofLFZpTas2S9zY+jIeuLJMNvudIgF52nr19q40HOwH5RrhWIPuj9puybzSJiRrVg==",
      "funding": [
        {
          "type": "individual",
          "url": "https://github.com/sponsors/RubenVerborgh"
        }
      ],
      "engines": {
        "node": ">=4.0"
      },
      "peerDependenciesMeta": {
        "debug": {
          "optional": true
        }
      }
    },
    "node_modules/jQuery": {
      "version": "1.7.4",
      "resolved": "https://registry.npmjs.org/jQuery/-/jQuery-1.7.4.tgz",
      "integrity": "sha1-8y3FyFpwRO6GS0RDue5F+UeLoTc=",
      "deprecated": "This is deprecated. Please use 'jquery' (all lowercase).",
      "engines": {
        "node": ">=0.6"
      }
    }
  },
  "dependencies": {
    "axios": {
      "version": "0.21.1",
      "resolved": "https://registry.npmjs.org/axios/-/axios-0.21.1.tgz",
      "integrity": "sha512-dKQiRHxGD9PPRIUNIWvZhPTPpl1rf/OxTYKsqKUDjBwYylTvV7SjSHJb9ratfyzM6wCdLCOYLzs73qpg5c4iGA==",
      "requires": {
        "follow-redirects": "^1.10.0"
      }
    },
    "documenu": {
      "version": "1.1.0",
      "resolved": "https://registry.npmjs.org/documenu/-/documenu-1.1.0.tgz",
      "integrity": "sha512-0uVPV+1h+7liNC6FZ6hlYb2rLRUfQZlAWm4KOzbDpiQ1/e53wV697w9Z72pHpPoWSrvlwN85Xhntx0c6tDv7xA==",
      "requires": {
        "axios": "^0.21.0"
      }
    },
    "dotenv": {
      "version": "9.0.0",
      "resolved": "https://registry.npmjs.org/dotenv/-/dotenv-9.0.0.tgz",
      "integrity": "sha512-yy3x9XjojW8ROTBePD25AcMoHqGHsvHmtfw8QWlpEXyMMXXPj6brUA464AptUvHuTPRmNz6Sd3ZLNLeJl6dHJA=="
    },
    "follow-redirects": {
      "version": "1.14.0",
      "resolved": "https://registry.npmjs.org/follow-redirects/-/follow-redirects-1.14.0.tgz",
      "integrity": "sha512-0vRwd7RKQBTt+mgu87mtYeofLFZpTas2S9zY+jIeuLJMNvudIgF52nr19q40HOwH5RrhWIPuj9puybzSJiRrVg=="
    },
    "jQuery": {
      "version": "1.7.4",
      "resolved": "https://registry.npmjs.org/jQuery/-/jQuery-1.7.4.tgz",
      "integrity": "sha1-8y3FyFpwRO6GS0RDue5F+UeLoTc="
    }
  }
}
